
Microsoft Visual Studio Solution File, Format Version 12.00
Project("{FAE04EC0-301F-11D3-BF4B-00C04F79EFBC}") = "Shared", "Shared\Shared.csproj", "{A0874760-8BF3-4C0C-ADDD-F80E96A883FF}"
EndProject
Project("{2150E333-8FDC-42A3-9474-1A3956D46DE8}") = "SolutionFiles", "SolutionFiles", "{FDC7D612-3CCC-49B8-9E94-25DE65BED7D8}"
	ProjectSection(SolutionItems) = preProject
		kafka-env-docker-compose.yml = kafka-env-docker-compose.yml
	EndProjectSection
EndProject
Project("{FAE04EC0-301F-11D3-BF4B-00C04F79EFBC}") = "RocketCoordGenerator", "Generators\RocketCoordGenerator\RocketCoordGenerator.csproj", "{7664187B-A1DE-4488-9F4A-0F6FA9F976EA}"
EndProject
Project("{2150E333-8FDC-42A3-9474-1A3956D46DE8}") = "DataGenerators", "DataGenerators", "{7B5CDEC1-DB8E-404C-9354-BF2381D96BF2}"
EndProject
Project("{2150E333-8FDC-42A3-9474-1A3956D46DE8}") = "DataHandlers", "DataHandlers", "{7639EB18-5E64-487E-91E0-BF8F766AF227}"
EndProject
Project("{FAE04EC0-301F-11D3-BF4B-00C04F79EFBC}") = "FlightController", "DataHandlers\FlightController\FlightController.csproj", "{2714ABD4-7E36-483C-B095-F678826E7374}"
EndProject
Project("{2150E333-8FDC-42A3-9474-1A3956D46DE8}") = "Presentation", "Presentation", "{C24B9A2B-8C76-4AE2-A455-0926553603FC}"
EndProject
Project("{FAE04EC0-301F-11D3-BF4B-00C04F79EFBC}") = "FlightControlPanel", "Presentation\FlightControlPanel\FlightControlPanel.csproj", "{FDDC54EE-BD16-4362-B4E3-0BAC4473484D}"
EndProject
Project("{2150E333-8FDC-42A3-9474-1A3956D46DE8}") = "Trash", "Trash", "{71E5916C-2C91-45B9-9586-63D3B8634B8E}"
EndProject
Project("{FAE04EC0-301F-11D3-BF4B-00C04F79EFBC}") = "Consumer.Shared", "Trash\Consumer.Shared\Consumer.Shared.csproj", "{EAFA3F6D-ADBF-473A-9973-EBCB8D725A49}"
EndProject
Project("{FAE04EC0-301F-11D3-BF4B-00C04F79EFBC}") = "Consumer1.Service", "Trash\Consumer1.Service\Consumer1.Service.csproj", "{D6EBAAC9-0A7B-4882-8B97-3A0BD60EAC32}"
EndProject
Project("{FAE04EC0-301F-11D3-BF4B-00C04F79EFBC}") = "Consumer2.Service", "Trash\Consumer2.Service\Consumer2.Service.csproj", "{2E9771AF-2590-405E-8392-A6AA7B444520}"
EndProject
Project("{FAE04EC0-301F-11D3-BF4B-00C04F79EFBC}") = "GrpcClient", "Trash\GrpcClient\GrpcClient.csproj", "{CEBF4FBD-4C25-410A-ACDD-2FA7E50EFCAE}"
EndProject
Project("{FAE04EC0-301F-11D3-BF4B-00C04F79EFBC}") = "Producer.EventGenerator", "Trash\Producer.EventGenerator\Producer.EventGenerator.csproj", "{2A3FD21E-AAE5-4AFD-BF69-137061070E1C}"
EndProject
Project("{FAE04EC0-301F-11D3-BF4B-00C04F79EFBC}") = "Producer.Shared", "Trash\Producer.Shared\Producer.Shared.csproj", "{1BA760DC-3E74-41F0-BC02-DE5703C3197B}"
EndProject
Project("{FAE04EC0-301F-11D3-BF4B-00C04F79EFBC}") = "Producer.WebApi", "Trash\Producer.WebApi\Producer.WebApi.csproj", "{A30FC69A-295A-4B9F-A2CD-AC6452CE117A}"
EndProject
Project("{FAE04EC0-301F-11D3-BF4B-00C04F79EFBC}") = "Shared", "Trash\Shared\Shared.csproj", "{CBBAE182-11EB-48CD-BAB8-D1C38C446AEF}"
EndProject
Project("{FAE04EC0-301F-11D3-BF4B-00C04F79EFBC}") = "ProducerWebApi", "Trash\ProducerWebApi\ProducerWebApi.csproj", "{2EDBD98F-DA35-4CAF-BFD3-10E3CA55E43B}"
EndProject
Project("{FAE04EC0-301F-11D3-BF4B-00C04F79EFBC}") = "Producer.GrpcService", "Trash\Producer.GrpcService\Producer.GrpcService.csproj", "{89F2DC6D-E1C2-449B-B474-8B2F2A22E31C}"
EndProject
Global
	GlobalSection(SolutionConfigurationPlatforms) = preSolution
		Debug|Any CPU = Debug|Any CPU
		Release|Any CPU = Release|Any CPU
	EndGlobalSection
	GlobalSection(ProjectConfigurationPlatforms) = postSolution
		{A0874760-8BF3-4C0C-ADDD-F80E96A883FF}.Debug|Any CPU.ActiveCfg = Debug|Any CPU
		{A0874760-8BF3-4C0C-ADDD-F80E96A883FF}.Debug|Any CPU.Build.0 = Debug|Any CPU
		{A0874760-8BF3-4C0C-ADDD-F80E96A883FF}.Release|Any CPU.ActiveCfg = Release|Any CPU
		{A0874760-8BF3-4C0C-ADDD-F80E96A883FF}.Release|Any CPU.Build.0 = Release|Any CPU
		{7664187B-A1DE-4488-9F4A-0F6FA9F976EA}.Debug|Any CPU.ActiveCfg = Debug|Any CPU
		{7664187B-A1DE-4488-9F4A-0F6FA9F976EA}.Debug|Any CPU.Build.0 = Debug|Any CPU
		{7664187B-A1DE-4488-9F4A-0F6FA9F976EA}.Release|Any CPU.ActiveCfg = Release|Any CPU
		{7664187B-A1DE-4488-9F4A-0F6FA9F976EA}.Release|Any CPU.Build.0 = Release|Any CPU
		{2714ABD4-7E36-483C-B095-F678826E7374}.Debug|Any CPU.ActiveCfg = Debug|Any CPU
		{2714ABD4-7E36-483C-B095-F678826E7374}.Debug|Any CPU.Build.0 = Debug|Any CPU
		{2714ABD4-7E36-483C-B095-F678826E7374}.Release|Any CPU.ActiveCfg = Release|Any CPU
		{2714ABD4-7E36-483C-B095-F678826E7374}.Release|Any CPU.Build.0 = Release|Any CPU
		{FDDC54EE-BD16-4362-B4E3-0BAC4473484D}.Debug|Any CPU.ActiveCfg = Debug|Any CPU
		{FDDC54EE-BD16-4362-B4E3-0BAC4473484D}.Debug|Any CPU.Build.0 = Debug|Any CPU
		{FDDC54EE-BD16-4362-B4E3-0BAC4473484D}.Release|Any CPU.ActiveCfg = Release|Any CPU
		{FDDC54EE-BD16-4362-B4E3-0BAC4473484D}.Release|Any CPU.Build.0 = Release|Any CPU
		{EAFA3F6D-ADBF-473A-9973-EBCB8D725A49}.Debug|Any CPU.ActiveCfg = Debug|Any CPU
		{EAFA3F6D-ADBF-473A-9973-EBCB8D725A49}.Debug|Any CPU.Build.0 = Debug|Any CPU
		{EAFA3F6D-ADBF-473A-9973-EBCB8D725A49}.Release|Any CPU.ActiveCfg = Release|Any CPU
		{EAFA3F6D-ADBF-473A-9973-EBCB8D725A49}.Release|Any CPU.Build.0 = Release|Any CPU
		{D6EBAAC9-0A7B-4882-8B97-3A0BD60EAC32}.Debug|Any CPU.ActiveCfg = Debug|Any CPU
		{D6EBAAC9-0A7B-4882-8B97-3A0BD60EAC32}.Debug|Any CPU.Build.0 = Debug|Any CPU
		{D6EBAAC9-0A7B-4882-8B97-3A0BD60EAC32}.Release|Any CPU.ActiveCfg = Release|Any CPU
		{D6EBAAC9-0A7B-4882-8B97-3A0BD60EAC32}.Release|Any CPU.Build.0 = Release|Any CPU
		{2E9771AF-2590-405E-8392-A6AA7B444520}.Debug|Any CPU.ActiveCfg = Debug|Any CPU
		{2E9771AF-2590-405E-8392-A6AA7B444520}.Debug|Any CPU.Build.0 = Debug|Any CPU
		{2E9771AF-2590-405E-8392-A6AA7B444520}.Release|Any CPU.ActiveCfg = Release|Any CPU
		{2E9771AF-2590-405E-8392-A6AA7B444520}.Release|Any CPU.Build.0 = Release|Any CPU
		{CEBF4FBD-4C25-410A-ACDD-2FA7E50EFCAE}.Debug|Any CPU.ActiveCfg = Debug|Any CPU
		{CEBF4FBD-4C25-410A-ACDD-2FA7E50EFCAE}.Debug|Any CPU.Build.0 = Debug|Any CPU
		{CEBF4FBD-4C25-410A-ACDD-2FA7E50EFCAE}.Release|Any CPU.ActiveCfg = Release|Any CPU
		{CEBF4FBD-4C25-410A-ACDD-2FA7E50EFCAE}.Release|Any CPU.Build.0 = Release|Any CPU
		{2A3FD21E-AAE5-4AFD-BF69-137061070E1C}.Debug|Any CPU.ActiveCfg = Debug|Any CPU
		{2A3FD21E-AAE5-4AFD-BF69-137061070E1C}.Debug|Any CPU.Build.0 = Debug|Any CPU
		{2A3FD21E-AAE5-4AFD-BF69-137061070E1C}.Release|Any CPU.ActiveCfg = Release|Any CPU
		{2A3FD21E-AAE5-4AFD-BF69-137061070E1C}.Release|Any CPU.Build.0 = Release|Any CPU
		{1BA760DC-3E74-41F0-BC02-DE5703C3197B}.Debug|Any CPU.ActiveCfg = Debug|Any CPU
		{1BA760DC-3E74-41F0-BC02-DE5703C3197B}.Debug|Any CPU.Build.0 = Debug|Any CPU
		{1BA760DC-3E74-41F0-BC02-DE5703C3197B}.Release|Any CPU.ActiveCfg = Release|Any CPU
		{1BA760DC-3E74-41F0-BC02-DE5703C3197B}.Release|Any CPU.Build.0 = Release|Any CPU
		{A30FC69A-295A-4B9F-A2CD-AC6452CE117A}.Debug|Any CPU.ActiveCfg = Debug|Any CPU
		{A30FC69A-295A-4B9F-A2CD-AC6452CE117A}.Debug|Any CPU.Build.0 = Debug|Any CPU
		{A30FC69A-295A-4B9F-A2CD-AC6452CE117A}.Release|Any CPU.ActiveCfg = Release|Any CPU
		{A30FC69A-295A-4B9F-A2CD-AC6452CE117A}.Release|Any CPU.Build.0 = Release|Any CPU
		{CBBAE182-11EB-48CD-BAB8-D1C38C446AEF}.Debug|Any CPU.ActiveCfg = Debug|Any CPU
		{CBBAE182-11EB-48CD-BAB8-D1C38C446AEF}.Debug|Any CPU.Build.0 = Debug|Any CPU
		{CBBAE182-11EB-48CD-BAB8-D1C38C446AEF}.Release|Any CPU.ActiveCfg = Release|Any CPU
		{CBBAE182-11EB-48CD-BAB8-D1C38C446AEF}.Release|Any CPU.Build.0 = Release|Any CPU
		{2EDBD98F-DA35-4CAF-BFD3-10E3CA55E43B}.Debug|Any CPU.ActiveCfg = Debug|Any CPU
		{2EDBD98F-DA35-4CAF-BFD3-10E3CA55E43B}.Debug|Any CPU.Build.0 = Debug|Any CPU
		{2EDBD98F-DA35-4CAF-BFD3-10E3CA55E43B}.Release|Any CPU.ActiveCfg = Release|Any CPU
		{2EDBD98F-DA35-4CAF-BFD3-10E3CA55E43B}.Release|Any CPU.Build.0 = Release|Any CPU
		{89F2DC6D-E1C2-449B-B474-8B2F2A22E31C}.Debug|Any CPU.ActiveCfg = Debug|Any CPU
		{89F2DC6D-E1C2-449B-B474-8B2F2A22E31C}.Debug|Any CPU.Build.0 = Debug|Any CPU
		{89F2DC6D-E1C2-449B-B474-8B2F2A22E31C}.Release|Any CPU.ActiveCfg = Release|Any CPU
		{89F2DC6D-E1C2-449B-B474-8B2F2A22E31C}.Release|Any CPU.Build.0 = Release|Any CPU
	EndGlobalSection
	GlobalSection(NestedProjects) = preSolution
		{7664187B-A1DE-4488-9F4A-0F6FA9F976EA} = {7B5CDEC1-DB8E-404C-9354-BF2381D96BF2}
		{2714ABD4-7E36-483C-B095-F678826E7374} = {7639EB18-5E64-487E-91E0-BF8F766AF227}
		{FDDC54EE-BD16-4362-B4E3-0BAC4473484D} = {C24B9A2B-8C76-4AE2-A455-0926553603FC}
		{EAFA3F6D-ADBF-473A-9973-EBCB8D725A49} = {71E5916C-2C91-45B9-9586-63D3B8634B8E}
		{D6EBAAC9-0A7B-4882-8B97-3A0BD60EAC32} = {71E5916C-2C91-45B9-9586-63D3B8634B8E}
		{2E9771AF-2590-405E-8392-A6AA7B444520} = {71E5916C-2C91-45B9-9586-63D3B8634B8E}
		{CEBF4FBD-4C25-410A-ACDD-2FA7E50EFCAE} = {71E5916C-2C91-45B9-9586-63D3B8634B8E}
		{2A3FD21E-AAE5-4AFD-BF69-137061070E1C} = {71E5916C-2C91-45B9-9586-63D3B8634B8E}
		{1BA760DC-3E74-41F0-BC02-DE5703C3197B} = {71E5916C-2C91-45B9-9586-63D3B8634B8E}
		{A30FC69A-295A-4B9F-A2CD-AC6452CE117A} = {71E5916C-2C91-45B9-9586-63D3B8634B8E}
		{CBBAE182-11EB-48CD-BAB8-D1C38C446AEF} = {71E5916C-2C91-45B9-9586-63D3B8634B8E}
		{2EDBD98F-DA35-4CAF-BFD3-10E3CA55E43B} = {71E5916C-2C91-45B9-9586-63D3B8634B8E}
		{89F2DC6D-E1C2-449B-B474-8B2F2A22E31C} = {71E5916C-2C91-45B9-9586-63D3B8634B8E}
	EndGlobalSection
EndGlobal
